
Microsoft Visual Studio Solution File, Format Version 12.00
# Visual Studio Version 17
VisualStudioVersion = 17.6.33815.320
MinimumVisualStudioVersion = 10.0.40219.1
Project("{8BC9CEB8-8B4A-11D0-8D11-00A0C91BC942}") = "tpm-hook", "tpm-hook\tpm-hook.vcxproj", "{1F2FA6B6-9481-467B-ADE9-CDB5B0787A40}"
EndProject
Global
	GlobalSection(SolutionConfigurationPlatforms) = preSolution
		Release|x64 = Release|x64
	EndGlobalSection
	GlobalSection(ProjectConfigurationPlatforms) = postSolution
		{1F2FA6B6-9481-467B-ADE9-CDB5B0787A40}.Release|x64.ActiveCfg = Release|x64
		{1F2FA6B6-9481-467B-ADE9-CDB5B0787A40}.Release|x64.Build.0 = Release|x64
		{1F2FA6B6-9481-467B-ADE9-CDB5B0787A40}.Release|x64.Deploy.0 = Release|x64
	EndGlobalSection
	GlobalSection(SolutionProperties) = preSolution
		HideSolutionNode = FALSE
	EndGlobalSection
	GlobalSection(ExtensibilityGlobals) = postSolution
		SolutionGuid = {E82E3103-DFC2-402A-B483-4CF21C75B2A2}
	EndGlobalSection
EndGlobal
